
Microsoft Visual Studio Solution File, Format Version 12.00
# Visual Studio Version 16
VisualStudioVersion = 16.0.31613.86
MinimumVisualStudioVersion = 10.0.40219.1
Project("{FAE04EC0-301F-11D3-BF4B-00C04F79EFBC}") = "Vjezba1", "Vjezba1\Vjezba1.csproj", "{FB2FBBCC-5F01-48C9-AE4D-DAEF9E1AB1EC}"
EndProject
Global
	GlobalSection(SolutionConfigurationPlatforms) = preSolution
		Debug|Any CPU = Debug|Any CPU
		Release|Any CPU = Release|Any CPU
	EndGlobalSection
	GlobalSection(ProjectConfigurationPlatforms) = postSolution
		{FB2FBBCC-5F01-48C9-AE4D-DAEF9E1AB1EC}.Debug|Any CPU.ActiveCfg = Debug|Any CPU
		{FB2FBBCC-5F01-48C9-AE4D-DAEF9E1AB1EC}.Debug|Any CPU.Build.0 = Debug|Any CPU
		{FB2FBBCC-5F01-48C9-AE4D-DAEF9E1AB1EC}.Release|Any CPU.ActiveCfg = Release|Any CPU
		{FB2FBBCC-5F01-48C9-AE4D-DAEF9E1AB1EC}.Release|Any CPU.Build.0 = Release|Any CPU
	EndGlobalSection
	GlobalSection(SolutionProperties) = preSolution
		HideSolutionNode = FALSE
	EndGlobalSection
	GlobalSection(ExtensibilityGlobals) = postSolution
		SolutionGuid = {402B0F7E-C04B-496A-97C7-E462CC853170}
	EndGlobalSection
EndGlobal
